
Microsoft Visual Studio Solution File, Format Version 12.00
# Visual Studio Version 16
VisualStudioVersion = 16.0.31515.178
MinimumVisualStudioVersion = 10.0.40219.1
Project("{FAE04EC0-301F-11D3-BF4B-00C04F79EFBC}") = "GeradorDeSenhas", "GeradorDeSenhas\GeradorDeSenhas.csproj", "{DE90E54B-F9FF-470B-8F48-8C52637CA055}"
EndProject
Global
	GlobalSection(SolutionConfigurationPlatforms) = preSolution
		Debug|Any CPU = Debug|Any CPU
		Release|Any CPU = Release|Any CPU
	EndGlobalSection
	GlobalSection(ProjectConfigurationPlatforms) = postSolution
		{DE90E54B-F9FF-470B-8F48-8C52637CA055}.Debug|Any CPU.ActiveCfg = Debug|Any CPU
		{DE90E54B-F9FF-470B-8F48-8C52637CA055}.Debug|Any CPU.Build.0 = Debug|Any CPU
		{DE90E54B-F9FF-470B-8F48-8C52637CA055}.Release|Any CPU.ActiveCfg = Release|Any CPU
		{DE90E54B-F9FF-470B-8F48-8C52637CA055}.Release|Any CPU.Build.0 = Release|Any CPU
	EndGlobalSection
	GlobalSection(SolutionProperties) = preSolution
		HideSolutionNode = FALSE
	EndGlobalSection
	GlobalSection(ExtensibilityGlobals) = postSolution
		SolutionGuid = {B4017831-6FCD-4902-B755-26D8B7969F47}
	EndGlobalSection
EndGlobal
