
Microsoft Visual Studio Solution File, Format Version 12.00
# Visual Studio Version 16
VisualStudioVersion = 16.0.31424.327
MinimumVisualStudioVersion = 10.0.40219.1
Project("{FAE04EC0-301F-11D3-BF4B-00C04F79EFBC}") = "Dice6", "Dice6\Dice6.csproj", "{F329863F-7B59-4AD1-BA39-0E0A4FF3085D}"
EndProject
Global
	GlobalSection(SolutionConfigurationPlatforms) = preSolution
		Debug|Any CPU = Debug|Any CPU
		Release|Any CPU = Release|Any CPU
	EndGlobalSection
	GlobalSection(ProjectConfigurationPlatforms) = postSolution
		{F329863F-7B59-4AD1-BA39-0E0A4FF3085D}.Debug|Any CPU.ActiveCfg = Debug|Any CPU
		{F329863F-7B59-4AD1-BA39-0E0A4FF3085D}.Debug|Any CPU.Build.0 = Debug|Any CPU
		{F329863F-7B59-4AD1-BA39-0E0A4FF3085D}.Release|Any CPU.ActiveCfg = Release|Any CPU
		{F329863F-7B59-4AD1-BA39-0E0A4FF3085D}.Release|Any CPU.Build.0 = Release|Any CPU
	EndGlobalSection
	GlobalSection(SolutionProperties) = preSolution
		HideSolutionNode = FALSE
	EndGlobalSection
	GlobalSection(ExtensibilityGlobals) = postSolution
		SolutionGuid = {2EC73D80-DC37-4F06-AED0-F1CDD88490CB}
	EndGlobalSection
EndGlobal
